
Microsoft Visual Studio Solution File, Format Version 11.00
# Visual Studio 2010
Project("{2150E333-8FDC-42A3-9474-1A3956D46DE8}") = "Solution Items", "Solution Items", "{89314B55-E02C-483E-9258-F215DB0C5EDC}"
	ProjectSection(SolutionItems) = preProject
		LocalTestRun.testrunconfig = LocalTestRun.testrunconfig
		TaklitoData.vsmdi = TaklitoData.vsmdi
		TaklitoData2.vsmdi = TaklitoData2.vsmdi
	EndProjectSection
EndProject
Project("{FAE04EC0-301F-11D3-BF4B-00C04F79EFBC}") = "TaklitoDataDemo", "TaklitoDataDemo\TaklitoDataDemo.csproj", "{C54F57B9-C197-4B8B-8537-9A3275062832}"
EndProject
Project("{FAE04EC0-301F-11D3-BF4B-00C04F79EFBC}") = "TaklitoDataUnitTest", "TaklitoDataUnitTest\TaklitoDataUnitTest.csproj", "{A96335E3-CE56-4A7B-A8AE-CB09B55986F1}"
EndProject
Project("{FAE04EC0-301F-11D3-BF4B-00C04F79EFBC}") = "TaklitoDBInterface", "TaklitoDBInterface\TaklitoDBInterface.csproj", "{C4104024-125F-4474-B184-9023A518C73F}"
EndProject
Global
	GlobalSection(TestCaseManagementSettings) = postSolution
		CategoryFile = TaklitoData2.vsmdi
	EndGlobalSection
	GlobalSection(SolutionConfigurationPlatforms) = preSolution
		Debug|Any CPU = Debug|Any CPU
		Release|Any CPU = Release|Any CPU
	EndGlobalSection
	GlobalSection(ProjectConfigurationPlatforms) = postSolution
		{C54F57B9-C197-4B8B-8537-9A3275062832}.Debug|Any CPU.ActiveCfg = Debug|Any CPU
		{C54F57B9-C197-4B8B-8537-9A3275062832}.Debug|Any CPU.Build.0 = Debug|Any CPU
		{C54F57B9-C197-4B8B-8537-9A3275062832}.Release|Any CPU.ActiveCfg = Release|Any CPU
		{C54F57B9-C197-4B8B-8537-9A3275062832}.Release|Any CPU.Build.0 = Release|Any CPU
		{A96335E3-CE56-4A7B-A8AE-CB09B55986F1}.Debug|Any CPU.ActiveCfg = Debug|Any CPU
		{A96335E3-CE56-4A7B-A8AE-CB09B55986F1}.Debug|Any CPU.Build.0 = Debug|Any CPU
		{A96335E3-CE56-4A7B-A8AE-CB09B55986F1}.Release|Any CPU.ActiveCfg = Release|Any CPU
		{A96335E3-CE56-4A7B-A8AE-CB09B55986F1}.Release|Any CPU.Build.0 = Release|Any CPU
		{C4104024-125F-4474-B184-9023A518C73F}.Debug|Any CPU.ActiveCfg = Debug|Any CPU
		{C4104024-125F-4474-B184-9023A518C73F}.Debug|Any CPU.Build.0 = Debug|Any CPU
		{C4104024-125F-4474-B184-9023A518C73F}.Release|Any CPU.ActiveCfg = Release|Any CPU
		{C4104024-125F-4474-B184-9023A518C73F}.Release|Any CPU.Build.0 = Release|Any CPU
	EndGlobalSection
	GlobalSection(SolutionProperties) = preSolution
		HideSolutionNode = FALSE
	EndGlobalSection
EndGlobal
