
Microsoft Visual Studio Solution File, Format Version 11.00
# Visual C++ Express 2010
Project("{8BC9CEB8-8B4A-11D0-8D11-00A0C91BC942}") = "registry_encoded", "registry_encoded\registry_encoded.vcxproj", "{1AE5D269-8725-4D29-B279-8B4CE53F0CE7}"
EndProject
Project("{8BC9CEB8-8B4A-11D0-8D11-00A0C91BC942}") = "registry_encoded_store", "registry_encoded_store\registry_encoded_store.vcxproj", "{31C94503-2330-4291-8755-6F79893B2F47}"
EndProject
Project("{8BC9CEB8-8B4A-11D0-8D11-00A0C91BC942}") = "app", "app\app.vcxproj", "{4B02BE00-7CD0-452E-A74A-5DD63BC993D0}"
EndProject
Global
	GlobalSection(SolutionConfigurationPlatforms) = preSolution
		Debug|Win32 = Debug|Win32
		DLL_RUN|Win32 = DLL_RUN|Win32
		Release|Win32 = Release|Win32
	EndGlobalSection
	GlobalSection(ProjectConfigurationPlatforms) = postSolution
		{1AE5D269-8725-4D29-B279-8B4CE53F0CE7}.Debug|Win32.ActiveCfg = Debug|Win32
		{1AE5D269-8725-4D29-B279-8B4CE53F0CE7}.Debug|Win32.Build.0 = Debug|Win32
		{1AE5D269-8725-4D29-B279-8B4CE53F0CE7}.DLL_RUN|Win32.ActiveCfg = DLL_RUN|Win32
		{1AE5D269-8725-4D29-B279-8B4CE53F0CE7}.DLL_RUN|Win32.Build.0 = DLL_RUN|Win32
		{1AE5D269-8725-4D29-B279-8B4CE53F0CE7}.Release|Win32.ActiveCfg = Release|Win32
		{1AE5D269-8725-4D29-B279-8B4CE53F0CE7}.Release|Win32.Build.0 = Release|Win32
		{31C94503-2330-4291-8755-6F79893B2F47}.Debug|Win32.ActiveCfg = Debug|Win32
		{31C94503-2330-4291-8755-6F79893B2F47}.Debug|Win32.Build.0 = Debug|Win32
		{31C94503-2330-4291-8755-6F79893B2F47}.DLL_RUN|Win32.ActiveCfg = DLL_RUN|Win32
		{31C94503-2330-4291-8755-6F79893B2F47}.DLL_RUN|Win32.Build.0 = DLL_RUN|Win32
		{31C94503-2330-4291-8755-6F79893B2F47}.Release|Win32.ActiveCfg = Release|Win32
		{31C94503-2330-4291-8755-6F79893B2F47}.Release|Win32.Build.0 = Release|Win32
		{4B02BE00-7CD0-452E-A74A-5DD63BC993D0}.Debug|Win32.ActiveCfg = Debug|Win32
		{4B02BE00-7CD0-452E-A74A-5DD63BC993D0}.Debug|Win32.Build.0 = Debug|Win32
		{4B02BE00-7CD0-452E-A74A-5DD63BC993D0}.DLL_RUN|Win32.ActiveCfg = DLL_RUN|Win32
		{4B02BE00-7CD0-452E-A74A-5DD63BC993D0}.DLL_RUN|Win32.Build.0 = DLL_RUN|Win32
		{4B02BE00-7CD0-452E-A74A-5DD63BC993D0}.Release|Win32.ActiveCfg = Release|Win32
		{4B02BE00-7CD0-452E-A74A-5DD63BC993D0}.Release|Win32.Build.0 = Release|Win32
	EndGlobalSection
	GlobalSection(SolutionProperties) = preSolution
		HideSolutionNode = FALSE
	EndGlobalSection
EndGlobal
